// !$*UTF8*$!
{
	archiveVersion = 1;
	classes = {
	};
	objectVersion = 56;
	objects = {

/* Begin PBXBuildFile section */
		B134D8D92CB26722003FB8EA /* calmFeeling.mp3 in Resources */ = {isa = PBXBuildFile; fileRef = B134D8D82CB26722003FB8EA /* calmFeeling.mp3 */; };
		B134D8DB2CB26732003FB8EA /* sadFeeling.mp3 in Resources */ = {isa = PBXBuildFile; fileRef = B134D8DA2CB26732003FB8EA /* sadFeeling.mp3 */; };
		B134D8DE2CB26883003FB8EA /* anxietyFeeling.MP4 in Resources */ = {isa = PBXBuildFile; fileRef = B134D8DD2CB26883003FB8EA /* anxietyFeeling.MP4 */; };
		B134D8E02CB269A4003FB8EA /* CalmView.swift in Sources */ = {isa = PBXBuildFile; fileRef = B134D8DF2CB269A4003FB8EA /* CalmView.swift */; };
		B134D8E22CB26A84003FB8EA /* CalmPlayerView.swift in Sources */ = {isa = PBXBuildFile; fileRef = B134D8E12CB26A84003FB8EA /* CalmPlayerView.swift */; };
		B134D8E42CB26B1B003FB8EA /* PlaybackButtonControl.swift in Sources */ = {isa = PBXBuildFile; fileRef = B134D8E32CB26B1B003FB8EA /* PlaybackButtonControl.swift */; };
		B134D8E62CB26B79003FB8EA /* AudioManager.swift in Sources */ = {isa = PBXBuildFile; fileRef = B134D8E52CB26B79003FB8EA /* AudioManager.swift */; };
		B134D8E82CB26BB1003FB8EA /* Extentions.swift in Sources */ = {isa = PBXBuildFile; fileRef = B134D8E72CB26BB1003FB8EA /* Extentions.swift */; };
		B134D8EA2CB26C66003FB8EA /* SadPlayerView.swift in Sources */ = {isa = PBXBuildFile; fileRef = B134D8E92CB26C66003FB8EA /* SadPlayerView.swift */; };
		B134D8EC2CB26E87003FB8EA /* SadView.swift in Sources */ = {isa = PBXBuildFile; fileRef = B134D8EB2CB26E87003FB8EA /* SadView.swift */; };
		B134D8EE2CB2707D003FB8EA /* AngerView.swift in Sources */ = {isa = PBXBuildFile; fileRef = B134D8ED2CB2707D003FB8EA /* AngerView.swift */; };
		B134D8F02CB270D2003FB8EA /* AngerVideoView.swift in Sources */ = {isa = PBXBuildFile; fileRef = B134D8EF2CB270D2003FB8EA /* AngerVideoView.swift */; };
		B134D8F22CB275C3003FB8EA /* angerFeeling.MP4 in Resources */ = {isa = PBXBuildFile; fileRef = B134D8F12CB275C3003FB8EA /* angerFeeling.MP4 */; };
		B134D8F42CB27625003FB8EA /* AnxietyView.swift in Sources */ = {isa = PBXBuildFile; fileRef = B134D8F32CB27625003FB8EA /* AnxietyView.swift */; };
		B134D8F62CB27674003FB8EA /* AnxietyVidoeView.swift in Sources */ = {isa = PBXBuildFile; fileRef = B134D8F52CB27674003FB8EA /* AnxietyVidoeView.swift */; };
		B134D8F82CB3D1E2003FB8EA /* CalmEmotion.swift in Sources */ = {isa = PBXBuildFile; fileRef = B134D8F72CB3D1E2003FB8EA /* CalmEmotion.swift */; };
		B134D8FC2CB3D33C003FB8EA /* SadEmotion.swift in Sources */ = {isa = PBXBuildFile; fileRef = B134D8FB2CB3D33C003FB8EA /* SadEmotion.swift */; };
		B134D8FE2CB3D3EE003FB8EA /* AnxietyEmotion.swift in Sources */ = {isa = PBXBuildFile; fileRef = B134D8FD2CB3D3EE003FB8EA /* AnxietyEmotion.swift */; };
		B134D9002CB3D45F003FB8EA /* AngerEmotion.swift in Sources */ = {isa = PBXBuildFile; fileRef = B134D8FF2CB3D45F003FB8EA /* AngerEmotion.swift */; };
		B134D9042CB3D6BE003FB8EA /* SF-Pro-Rounded-Regular.ttf in Resources */ = {isa = PBXBuildFile; fileRef = B134D9032CB3D6BE003FB8EA /* SF-Pro-Rounded-Regular.ttf */; };
		B134D9072CB3D9BF003FB8EA /* SF-Pro-Rounded-Bold.otf in Resources */ = {isa = PBXBuildFile; fileRef = B134D9062CB3D9BF003FB8EA /* SF-Pro-Rounded-Bold.otf */; };
		B134D9092CB3DBA5003FB8EA /* SF-Pro-Rounded-Regular.otf in Resources */ = {isa = PBXBuildFile; fileRef = B134D9082CB3DBA5003FB8EA /* SF-Pro-Rounded-Regular.otf */; };
		B134D90B2CB4774A003FB8EA /* HomePage.swift in Sources */ = {isa = PBXBuildFile; fileRef = B134D90A2CB4774A003FB8EA /* HomePage.swift */; };
		B134D90D2CB52E0E003FB8EA /* SplashPage.swift in Sources */ = {isa = PBXBuildFile; fileRef = B134D90C2CB52E0E003FB8EA /* SplashPage.swift */; };
		B134D9132CB52FB6003FB8EA /* GIFImage.swift in Sources */ = {isa = PBXBuildFile; fileRef = B134D9122CB52FB6003FB8EA /* GIFImage.swift */; };
		B134D9152CB53163003FB8EA /* SadTabView.swift in Sources */ = {isa = PBXBuildFile; fileRef = B134D9142CB53163003FB8EA /* SadTabView.swift */; };
		B134D9172CB53170003FB8EA /* CalmTabView.swift in Sources */ = {isa = PBXBuildFile; fileRef = B134D9162CB53170003FB8EA /* CalmTabView.swift */; };
		B134D9192CB5318C003FB8EA /* AngeryTabView.swift in Sources */ = {isa = PBXBuildFile; fileRef = B134D9182CB5318C003FB8EA /* AngeryTabView.swift */; };
		B134D91D2CB532FB003FB8EA /* AnxietyTabView.swift in Sources */ = {isa = PBXBuildFile; fileRef = B134D91C2CB532FB003FB8EA /* AnxietyTabView.swift */; };
		B134D91F2CB5D0D7003FB8EA /* animation.gif in Resources */ = {isa = PBXBuildFile; fileRef = B134D91E2CB5D0D7003FB8EA /* animation.gif */; };
		FCE9BC442CABE65E005CA396 /* start_projectApp.swift in Sources */ = {isa = PBXBuildFile; fileRef = FCE9BC432CABE65E005CA396 /* start_projectApp.swift */; };
		FCE9BC462CABE65E005CA396 /* ContentView.swift in Sources */ = {isa = PBXBuildFile; fileRef = FCE9BC452CABE65E005CA396 /* ContentView.swift */; };
		FCE9BC482CABE660005CA396 /* Assets.xcassets in Resources */ = {isa = PBXBuildFile; fileRef = FCE9BC472CABE660005CA396 /* Assets.xcassets */; };
		FCE9BC4B2CABE660005CA396 /* Preview Assets.xcassets in Resources */ = {isa = PBXBuildFile; fileRef = FCE9BC4A2CABE660005CA396 /* Preview Assets.xcassets */; };
		FCE9BC552CABE660005CA396 /* start_projectTests.swift in Sources */ = {isa = PBXBuildFile; fileRef = FCE9BC542CABE660005CA396 /* start_projectTests.swift */; };
		FCE9BC5F2CABE660005CA396 /* start_projectUITests.swift in Sources */ = {isa = PBXBuildFile; fileRef = FCE9BC5E2CABE660005CA396 /* start_projectUITests.swift */; };
		FCE9BC612CABE660005CA396 /* start_projectUITestsLaunchTests.swift in Sources */ = {isa = PBXBuildFile; fileRef = FCE9BC602CABE660005CA396 /* start_projectUITestsLaunchTests.swift */; };
/* End PBXBuildFile section */

/* Begin PBXContainerItemProxy section */
		FCE9BC512CABE660005CA396 /* PBXContainerItemProxy */ = {
			isa = PBXContainerItemProxy;
			containerPortal = FCE9BC382CABE65E005CA396 /* Project object */;
			proxyType = 1;
			remoteGlobalIDString = FCE9BC3F2CABE65E005CA396;
			remoteInfo = start_project;
		};
		FCE9BC5B2CABE660005CA396 /* PBXContainerItemProxy */ = {
			isa = PBXContainerItemProxy;
			containerPortal = FCE9BC382CABE65E005CA396 /* Project object */;
			proxyType = 1;
			remoteGlobalIDString = FCE9BC3F2CABE65E005CA396;
			remoteInfo = start_project;
		};
/* End PBXContainerItemProxy section */

/* Begin PBXFileReference section */
		B134D8D82CB26722003FB8EA /* calmFeeling.mp3 */ = {isa = PBXFileReference; lastKnownFileType = audio.mp3; path = calmFeeling.mp3; sourceTree = "<group>"; };
		B134D8DA2CB26732003FB8EA /* sadFeeling.mp3 */ = {isa = PBXFileReference; lastKnownFileType = audio.mp3; path = sadFeeling.mp3; sourceTree = "<group>"; };
		B134D8DD2CB26883003FB8EA /* anxietyFeeling.MP4 */ = {isa = PBXFileReference; lastKnownFileType = file; path = anxietyFeeling.MP4; sourceTree = "<group>"; };
		B134D8DF2CB269A4003FB8EA /* CalmView.swift */ = {isa = PBXFileReference; lastKnownFileType = sourcecode.swift; path = CalmView.swift; sourceTree = "<group>"; };
		B134D8E12CB26A84003FB8EA /* CalmPlayerView.swift */ = {isa = PBXFileReference; lastKnownFileType = sourcecode.swift; path = CalmPlayerView.swift; sourceTree = "<group>"; };
		B134D8E32CB26B1B003FB8EA /* PlaybackButtonControl.swift */ = {isa = PBXFileReference; lastKnownFileType = sourcecode.swift; path = PlaybackButtonControl.swift; sourceTree = "<group>"; };
		B134D8E52CB26B79003FB8EA /* AudioManager.swift */ = {isa = PBXFileReference; lastKnownFileType = sourcecode.swift; path = AudioManager.swift; sourceTree = "<group>"; };
		B134D8E72CB26BB1003FB8EA /* Extentions.swift */ = {isa = PBXFileReference; lastKnownFileType = sourcecode.swift; path = Extentions.swift; sourceTree = "<group>"; };
		B134D8E92CB26C66003FB8EA /* SadPlayerView.swift */ = {isa = PBXFileReference; lastKnownFileType = sourcecode.swift; path = SadPlayerView.swift; sourceTree = "<group>"; };
		B134D8EB2CB26E87003FB8EA /* SadView.swift */ = {isa = PBXFileReference; lastKnownFileType = sourcecode.swift; path = SadView.swift; sourceTree = "<group>"; };
		B134D8ED2CB2707D003FB8EA /* AngerView.swift */ = {isa = PBXFileReference; lastKnownFileType = sourcecode.swift; path = AngerView.swift; sourceTree = "<group>"; };
		B134D8EF2CB270D2003FB8EA /* AngerVideoView.swift */ = {isa = PBXFileReference; lastKnownFileType = sourcecode.swift; path = AngerVideoView.swift; sourceTree = "<group>"; };
		B134D8F12CB275C3003FB8EA /* angerFeeling.MP4 */ = {isa = PBXFileReference; lastKnownFileType = file; path = angerFeeling.MP4; sourceTree = "<group>"; };
		B134D8F32CB27625003FB8EA /* AnxietyView.swift */ = {isa = PBXFileReference; lastKnownFileType = sourcecode.swift; path = AnxietyView.swift; sourceTree = "<group>"; };
		B134D8F52CB27674003FB8EA /* AnxietyVidoeView.swift */ = {isa = PBXFileReference; lastKnownFileType = sourcecode.swift; path = AnxietyVidoeView.swift; sourceTree = "<group>"; };
		B134D8F72CB3D1E2003FB8EA /* CalmEmotion.swift */ = {isa = PBXFileReference; lastKnownFileType = sourcecode.swift; path = CalmEmotion.swift; sourceTree = "<group>"; };
		B134D8FB2CB3D33C003FB8EA /* SadEmotion.swift */ = {isa = PBXFileReference; lastKnownFileType = sourcecode.swift; path = SadEmotion.swift; sourceTree = "<group>"; };
		B134D8FD2CB3D3EE003FB8EA /* AnxietyEmotion.swift */ = {isa = PBXFileReference; lastKnownFileType = sourcecode.swift; path = AnxietyEmotion.swift; sourceTree = "<group>"; };
		B134D8FF2CB3D45F003FB8EA /* AngerEmotion.swift */ = {isa = PBXFileReference; lastKnownFileType = sourcecode.swift; path = AngerEmotion.swift; sourceTree = "<group>"; };
		B134D9032CB3D6BE003FB8EA /* SF-Pro-Rounded-Regular.ttf */ = {isa = PBXFileReference; lastKnownFileType = file; path = "SF-Pro-Rounded-Regular.ttf"; sourceTree = "<group>"; };
		B134D9052CB3D6D9003FB8EA /* start-project-Info.plist */ = {isa = PBXFileReference; lastKnownFileType = text.plist; path = "start-project-Info.plist"; sourceTree = SOURCE_ROOT; };
		B134D9062CB3D9BF003FB8EA /* SF-Pro-Rounded-Bold.otf */ = {isa = PBXFileReference; lastKnownFileType = file; path = "SF-Pro-Rounded-Bold.otf"; sourceTree = "<group>"; };
		B134D9082CB3DBA5003FB8EA /* SF-Pro-Rounded-Regular.otf */ = {isa = PBXFileReference; lastKnownFileType = file; path = "SF-Pro-Rounded-Regular.otf"; sourceTree = "<group>"; };
		B134D90A2CB4774A003FB8EA /* HomePage.swift */ = {isa = PBXFileReference; lastKnownFileType = sourcecode.swift; path = HomePage.swift; sourceTree = "<group>"; };
		B134D90C2CB52E0E003FB8EA /* SplashPage.swift */ = {isa = PBXFileReference; lastKnownFileType = sourcecode.swift; path = SplashPage.swift; sourceTree = "<group>"; };
		B134D9122CB52FB6003FB8EA /* GIFImage.swift */ = {isa = PBXFileReference; lastKnownFileType = sourcecode.swift; path = GIFImage.swift; sourceTree = "<group>"; };
		B134D9142CB53163003FB8EA /* SadTabView.swift */ = {isa = PBXFileReference; lastKnownFileType = sourcecode.swift; path = SadTabView.swift; sourceTree = "<group>"; };
		B134D9162CB53170003FB8EA /* CalmTabView.swift */ = {isa = PBXFileReference; lastKnownFileType = sourcecode.swift; path = CalmTabView.swift; sourceTree = "<group>"; };
		B134D9182CB5318C003FB8EA /* AngeryTabView.swift */ = {isa = PBXFileReference; lastKnownFileType = sourcecode.swift; path = AngeryTabView.swift; sourceTree = "<group>"; };
		B134D91C2CB532FB003FB8EA /* AnxietyTabView.swift */ = {isa = PBXFileReference; lastKnownFileType = sourcecode.swift; path = AnxietyTabView.swift; sourceTree = "<group>"; };
		B134D91E2CB5D0D7003FB8EA /* animation.gif */ = {isa = PBXFileReference; lastKnownFileType = image.gif; path = animation.gif; sourceTree = "<group>"; };
		FCE9BC402CABE65E005CA396 /* start_project.app */ = {isa = PBXFileReference; explicitFileType = wrapper.application; includeInIndex = 0; path = start_project.app; sourceTree = BUILT_PRODUCTS_DIR; };
		FCE9BC432CABE65E005CA396 /* start_projectApp.swift */ = {isa = PBXFileReference; lastKnownFileType = sourcecode.swift; path = start_projectApp.swift; sourceTree = "<group>"; };
		FCE9BC452CABE65E005CA396 /* ContentView.swift */ = {isa = PBXFileReference; lastKnownFileType = sourcecode.swift; path = ContentView.swift; sourceTree = "<group>"; };
		FCE9BC472CABE660005CA396 /* Assets.xcassets */ = {isa = PBXFileReference; lastKnownFileType = folder.assetcatalog; path = Assets.xcassets; sourceTree = "<group>"; };
		FCE9BC4A2CABE660005CA396 /* Preview Assets.xcassets */ = {isa = PBXFileReference; lastKnownFileType = folder.assetcatalog; path = "Preview Assets.xcassets"; sourceTree = "<group>"; };
		FCE9BC502CABE660005CA396 /* start_projectTests.xctest */ = {isa = PBXFileReference; explicitFileType = wrapper.cfbundle; includeInIndex = 0; path = start_projectTests.xctest; sourceTree = BUILT_PRODUCTS_DIR; };
		FCE9BC542CABE660005CA396 /* start_projectTests.swift */ = {isa = PBXFileReference; lastKnownFileType = sourcecode.swift; path = start_projectTests.swift; sourceTree = "<group>"; };
		FCE9BC5A2CABE660005CA396 /* start_projectUITests.xctest */ = {isa = PBXFileReference; explicitFileType = wrapper.cfbundle; includeInIndex = 0; path = start_projectUITests.xctest; sourceTree = BUILT_PRODUCTS_DIR; };
		FCE9BC5E2CABE660005CA396 /* start_projectUITests.swift */ = {isa = PBXFileReference; lastKnownFileType = sourcecode.swift; path = start_projectUITests.swift; sourceTree = "<group>"; };
		FCE9BC602CABE660005CA396 /* start_projectUITestsLaunchTests.swift */ = {isa = PBXFileReference; lastKnownFileType = sourcecode.swift; path = start_projectUITestsLaunchTests.swift; sourceTree = "<group>"; };
/* End PBXFileReference section */

/* Begin PBXFrameworksBuildPhase section */
		FCE9BC3D2CABE65E005CA396 /* Frameworks */ = {
			isa = PBXFrameworksBuildPhase;
			buildActionMask = 2147483647;
			files = (
			);
			runOnlyForDeploymentPostprocessing = 0;
		};
		FCE9BC4D2CABE660005CA396 /* Frameworks */ = {
			isa = PBXFrameworksBuildPhase;
			buildActionMask = 2147483647;
			files = (
			);
			runOnlyForDeploymentPostprocessing = 0;
		};
		FCE9BC572CABE660005CA396 /* Frameworks */ = {
			isa = PBXFrameworksBuildPhase;
			buildActionMask = 2147483647;
			files = (
			);
			runOnlyForDeploymentPostprocessing = 0;
		};
/* End PBXFrameworksBuildPhase section */

/* Begin PBXGroup section */
		B134D9012CB3D68E003FB8EA /* Project_Fonts */ = {
			isa = PBXGroup;
			children = (
				B134D9082CB3DBA5003FB8EA /* SF-Pro-Rounded-Regular.otf */,
				B134D9062CB3D9BF003FB8EA /* SF-Pro-Rounded-Bold.otf */,
				B134D9032CB3D6BE003FB8EA /* SF-Pro-Rounded-Regular.ttf */,
			);
			path = Project_Fonts;
			sourceTree = "<group>";
		};
		FCE9BC372CABE65E005CA396 = {
			isa = PBXGroup;
			children = (
				FCE9BC422CABE65E005CA396 /* start_project */,
				FCE9BC532CABE660005CA396 /* start_projectTests */,
				FCE9BC5D2CABE660005CA396 /* start_projectUITests */,
				FCE9BC412CABE65E005CA396 /* Products */,
			);
			sourceTree = "<group>";
		};
		FCE9BC412CABE65E005CA396 /* Products */ = {
			isa = PBXGroup;
			children = (
				FCE9BC402CABE65E005CA396 /* start_project.app */,
				FCE9BC502CABE660005CA396 /* start_projectTests.xctest */,
				FCE9BC5A2CABE660005CA396 /* start_projectUITests.xctest */,
			);
			name = Products;
			sourceTree = "<group>";
		};
		FCE9BC422CABE65E005CA396 /* start_project */ = {
			isa = PBXGroup;
			children = (
				B134D9052CB3D6D9003FB8EA /* start-project-Info.plist */,
				B134D9012CB3D68E003FB8EA /* Project_Fonts */,
				FCE9BC432CABE65E005CA396 /* start_projectApp.swift */,
				B134D90C2CB52E0E003FB8EA /* SplashPage.swift */,
				B134D91E2CB5D0D7003FB8EA /* animation.gif */,
				FCE9BC452CABE65E005CA396 /* ContentView.swift */,
				B134D9142CB53163003FB8EA /* SadTabView.swift */,
				B134D9162CB53170003FB8EA /* CalmTabView.swift */,
				B134D9182CB5318C003FB8EA /* AngeryTabView.swift */,
				B134D91C2CB532FB003FB8EA /* AnxietyTabView.swift */,
				B134D90A2CB4774A003FB8EA /* HomePage.swift */,
				B134D8F72CB3D1E2003FB8EA /* CalmEmotion.swift */,
				B134D8DF2CB269A4003FB8EA /* CalmView.swift */,
				B134D8E12CB26A84003FB8EA /* CalmPlayerView.swift */,
				B134D8FF2CB3D45F003FB8EA /* AngerEmotion.swift */,
				B134D8ED2CB2707D003FB8EA /* AngerView.swift */,
				B134D8EF2CB270D2003FB8EA /* AngerVideoView.swift */,
				B134D8FD2CB3D3EE003FB8EA /* AnxietyEmotion.swift */,
				B134D8F32CB27625003FB8EA /* AnxietyView.swift */,
				B134D8F52CB27674003FB8EA /* AnxietyVidoeView.swift */,
				B134D8FB2CB3D33C003FB8EA /* SadEmotion.swift */,
				B134D8EB2CB26E87003FB8EA /* SadView.swift */,
				B134D8E92CB26C66003FB8EA /* SadPlayerView.swift */,
				B134D8E32CB26B1B003FB8EA /* PlaybackButtonControl.swift */,
				B134D8E52CB26B79003FB8EA /* AudioManager.swift */,
				B134D8E72CB26BB1003FB8EA /* Extentions.swift */,
				B134D9122CB52FB6003FB8EA /* GIFImage.swift */,
				FCE9BC472CABE660005CA396 /* Assets.xcassets */,
				B134D8F12CB275C3003FB8EA /* angerFeeling.MP4 */,
				B134D8DD2CB26883003FB8EA /* anxietyFeeling.MP4 */,
				B134D8D82CB26722003FB8EA /* calmFeeling.mp3 */,
				B134D8DA2CB26732003FB8EA /* sadFeeling.mp3 */,
				FCE9BC492CABE660005CA396 /* Preview Content */,
			);
			path = start_project;
			sourceTree = "<group>";
		};
		FCE9BC492CABE660005CA396 /* Preview Content */ = {
			isa = PBXGroup;
			children = (
				FCE9BC4A2CABE660005CA396 /* Preview Assets.xcassets */,
			);
			path = "Preview Content";
			sourceTree = "<group>";
		};
		FCE9BC532CABE660005CA396 /* start_projectTests */ = {
			isa = PBXGroup;
			children = (
				FCE9BC542CABE660005CA396 /* start_projectTests.swift */,
			);
			path = start_projectTests;
			sourceTree = "<group>";
		};
		FCE9BC5D2CABE660005CA396 /* start_projectUITests */ = {
			isa = PBXGroup;
			children = (
				FCE9BC5E2CABE660005CA396 /* start_projectUITests.swift */,
				FCE9BC602CABE660005CA396 /* start_projectUITestsLaunchTests.swift */,
			);
			path = start_projectUITests;
			sourceTree = "<group>";
		};
/* End PBXGroup section */

/* Begin PBXNativeTarget section */
		FCE9BC3F2CABE65E005CA396 /* start_project */ = {
			isa = PBXNativeTarget;
			buildConfigurationList = FCE9BC642CABE660005CA396 /* Build configuration list for PBXNativeTarget "start_project" */;
			buildPhases = (
				FCE9BC3C2CABE65E005CA396 /* Sources */,
				FCE9BC3D2CABE65E005CA396 /* Frameworks */,
				FCE9BC3E2CABE65E005CA396 /* Resources */,
			);
			buildRules = (
			);
			dependencies = (
			);
			name = start_project;
			productName = start_project;
			productReference = FCE9BC402CABE65E005CA396 /* start_project.app */;
			productType = "com.apple.product-type.application";
		};
		FCE9BC4F2CABE660005CA396 /* start_projectTests */ = {
			isa = PBXNativeTarget;
			buildConfigurationList = FCE9BC672CABE660005CA396 /* Build configuration list for PBXNativeTarget "start_projectTests" */;
			buildPhases = (
				FCE9BC4C2CABE660005CA396 /* Sources */,
				FCE9BC4D2CABE660005CA396 /* Frameworks */,
				FCE9BC4E2CABE660005CA396 /* Resources */,
			);
			buildRules = (
			);
			dependencies = (
				FCE9BC522CABE660005CA396 /* PBXTargetDependency */,
			);
			name = start_projectTests;
			productName = start_projectTests;
			productReference = FCE9BC502CABE660005CA396 /* start_projectTests.xctest */;
			productType = "com.apple.product-type.bundle.unit-test";
		};
		FCE9BC592CABE660005CA396 /* start_projectUITests */ = {
			isa = PBXNativeTarget;
			buildConfigurationList = FCE9BC6A2CABE660005CA396 /* Build configuration list for PBXNativeTarget "start_projectUITests" */;
			buildPhases = (
				FCE9BC562CABE660005CA396 /* Sources */,
				FCE9BC572CABE660005CA396 /* Frameworks */,
				FCE9BC582CABE660005CA396 /* Resources */,
			);
			buildRules = (
			);
			dependencies = (
				FCE9BC5C2CABE660005CA396 /* PBXTargetDependency */,
			);
			name = start_projectUITests;
			productName = start_projectUITests;
			productReference = FCE9BC5A2CABE660005CA396 /* start_projectUITests.xctest */;
			productType = "com.apple.product-type.bundle.ui-testing";
		};
/* End PBXNativeTarget section */

/* Begin PBXProject section */
		FCE9BC382CABE65E005CA396 /* Project object */ = {
			isa = PBXProject;
			attributes = {
				BuildIndependentTargetsInParallel = 1;
				LastSwiftUpdateCheck = 1540;
				LastUpgradeCheck = 1540;
				TargetAttributes = {
					FCE9BC3F2CABE65E005CA396 = {
						CreatedOnToolsVersion = 15.4;
					};
					FCE9BC4F2CABE660005CA396 = {
						CreatedOnToolsVersion = 15.4;
						TestTargetID = FCE9BC3F2CABE65E005CA396;
					};
					FCE9BC592CABE660005CA396 = {
						CreatedOnToolsVersion = 15.4;
						TestTargetID = FCE9BC3F2CABE65E005CA396;
					};
				};
			};
			buildConfigurationList = FCE9BC3B2CABE65E005CA396 /* Build configuration list for PBXProject "start_project" */;
			compatibilityVersion = "Xcode 14.0";
			developmentRegion = en;
			hasScannedForEncodings = 0;
			knownRegions = (
				en,
				Base,
			);
			mainGroup = FCE9BC372CABE65E005CA396;
			productRefGroup = FCE9BC412CABE65E005CA396 /* Products */;
			projectDirPath = "";
			projectRoot = "";
			targets = (
				FCE9BC3F2CABE65E005CA396 /* start_project */,
				FCE9BC4F2CABE660005CA396 /* start_projectTests */,
				FCE9BC592CABE660005CA396 /* start_projectUITests */,
			);
		};
/* End PBXProject section */

/* Begin PBXResourcesBuildPhase section */
		FCE9BC3E2CABE65E005CA396 /* Resources */ = {
			isa = PBXResourcesBuildPhase;
			buildActionMask = 2147483647;
			files = (
				B134D8F22CB275C3003FB8EA /* angerFeeling.MP4 in Resources */,
				B134D9072CB3D9BF003FB8EA /* SF-Pro-Rounded-Bold.otf in Resources */,
				FCE9BC4B2CABE660005CA396 /* Preview Assets.xcassets in Resources */,
				FCE9BC482CABE660005CA396 /* Assets.xcassets in Resources */,
				B134D9042CB3D6BE003FB8EA /* SF-Pro-Rounded-Regular.ttf in Resources */,
				B134D9092CB3DBA5003FB8EA /* SF-Pro-Rounded-Regular.otf in Resources */,
				B134D8DB2CB26732003FB8EA /* sadFeeling.mp3 in Resources */,
				B134D91F2CB5D0D7003FB8EA /* animation.gif in Resources */,
				B134D8DE2CB26883003FB8EA /* anxietyFeeling.MP4 in Resources */,
				B134D8D92CB26722003FB8EA /* calmFeeling.mp3 in Resources */,
			);
			runOnlyForDeploymentPostprocessing = 0;
		};
		FCE9BC4E2CABE660005CA396 /* Resources */ = {
			isa = PBXResourcesBuildPhase;
			buildActionMask = 2147483647;
			files = (
			);
			runOnlyForDeploymentPostprocessing = 0;
		};
		FCE9BC582CABE660005CA396 /* Resources */ = {
			isa = PBXResourcesBuildPhase;
			buildActionMask = 2147483647;
			files = (
			);
			runOnlyForDeploymentPostprocessing = 0;
		};
/* End PBXResourcesBuildPhase section */

/* Begin PBXSourcesBuildPhase section */
		FCE9BC3C2CABE65E005CA396 /* Sources */ = {
			isa = PBXSourcesBuildPhase;
			buildActionMask = 2147483647;
			files = (
				B134D8F82CB3D1E2003FB8EA /* CalmEmotion.swift in Sources */,
				B134D90B2CB4774A003FB8EA /* HomePage.swift in Sources */,
				B134D8F62CB27674003FB8EA /* AnxietyVidoeView.swift in Sources */,
				B134D90D2CB52E0E003FB8EA /* SplashPage.swift in Sources */,
				B134D9152CB53163003FB8EA /* SadTabView.swift in Sources */,
				B134D9002CB3D45F003FB8EA /* AngerEmotion.swift in Sources */,
				B134D8EC2CB26E87003FB8EA /* SadView.swift in Sources */,
				B134D8F42CB27625003FB8EA /* AnxietyView.swift in Sources */,
				B134D8F02CB270D2003FB8EA /* AngerVideoView.swift in Sources */,
				B134D8E62CB26B79003FB8EA /* AudioManager.swift in Sources */,
				B134D9192CB5318C003FB8EA /* AngeryTabView.swift in Sources */,
				B134D8E22CB26A84003FB8EA /* CalmPlayerView.swift in Sources */,
				B134D9172CB53170003FB8EA /* CalmTabView.swift in Sources */,
				B134D9132CB52FB6003FB8EA /* GIFImage.swift in Sources */,
				FCE9BC462CABE65E005CA396 /* ContentView.swift in Sources */,
				B134D8E42CB26B1B003FB8EA /* PlaybackButtonControl.swift in Sources */,
				FCE9BC442CABE65E005CA396 /* start_projectApp.swift in Sources */,
				B134D8EE2CB2707D003FB8EA /* AngerView.swift in Sources */,
				B134D8E02CB269A4003FB8EA /* CalmView.swift in Sources */,
				B134D91D2CB532FB003FB8EA /* AnxietyTabView.swift in Sources */,
				B134D8FE2CB3D3EE003FB8EA /* AnxietyEmotion.swift in Sources */,
				B134D8FC2CB3D33C003FB8EA /* SadEmotion.swift in Sources */,
				B134D8EA2CB26C66003FB8EA /* SadPlayerView.swift in Sources */,
				B134D8E82CB26BB1003FB8EA /* Extentions.swift in Sources */,
			);
			runOnlyForDeploymentPostprocessing = 0;
		};
		FCE9BC4C2CABE660005CA396 /* Sources */ = {
			isa = PBXSourcesBuildPhase;
			buildActionMask = 2147483647;
			files = (
				FCE9BC552CABE660005CA396 /* start_projectTests.swift in Sources */,
			);
			runOnlyForDeploymentPostprocessing = 0;
		};
		FCE9BC562CABE660005CA396 /* Sources */ = {
			isa = PBXSourcesBuildPhase;
			buildActionMask = 2147483647;
			files = (
				FCE9BC5F2CABE660005CA396 /* start_projectUITests.swift in Sources */,
				FCE9BC612CABE660005CA396 /* start_projectUITestsLaunchTests.swift in Sources */,
			);
			runOnlyForDeploymentPostprocessing = 0;
		};
/* End PBXSourcesBuildPhase section */

/* Begin PBXTargetDependency section */
		FCE9BC522CABE660005CA396 /* PBXTargetDependency */ = {
			isa = PBXTargetDependency;
			target = FCE9BC3F2CABE65E005CA396 /* start_project */;
			targetProxy = FCE9BC512CABE660005CA396 /* PBXContainerItemProxy */;
		};
		FCE9BC5C2CABE660005CA396 /* PBXTargetDependency */ = {
			isa = PBXTargetDependency;
			target = FCE9BC3F2CABE65E005CA396 /* start_project */;
			targetProxy = FCE9BC5B2CABE660005CA396 /* PBXContainerItemProxy */;
		};
/* End PBXTargetDependency section */

/* Begin XCBuildConfiguration section */
		FCE9BC622CABE660005CA396 /* Debug */ = {
			isa = XCBuildConfiguration;
			buildSettings = {
				ALWAYS_SEARCH_USER_PATHS = NO;
				ASSETCATALOG_COMPILER_GENERATE_SWIFT_ASSET_SYMBOL_EXTENSIONS = YES;
				CLANG_ANALYZER_NONNULL = YES;
				CLANG_ANALYZER_NUMBER_OBJECT_CONVERSION = YES_AGGRESSIVE;
				CLANG_CXX_LANGUAGE_STANDARD = "gnu++20";
				CLANG_ENABLE_MODULES = YES;
				CLANG_ENABLE_OBJC_ARC = YES;
				CLANG_ENABLE_OBJC_WEAK = YES;
				CLANG_WARN_BLOCK_CAPTURE_AUTORELEASING = YES;
				CLANG_WARN_BOOL_CONVERSION = YES;
				CLANG_WARN_COMMA = YES;
				CLANG_WARN_CONSTANT_CONVERSION = YES;
				CLANG_WARN_DEPRECATED_OBJC_IMPLEMENTATIONS = YES;
				CLANG_WARN_DIRECT_OBJC_ISA_USAGE = YES_ERROR;
				CLANG_WARN_DOCUMENTATION_COMMENTS = YES;
				CLANG_WARN_EMPTY_BODY = YES;
				CLANG_WARN_ENUM_CONVERSION = YES;
				CLANG_WARN_INFINITE_RECURSION = YES;
				CLANG_WARN_INT_CONVERSION = YES;
				CLANG_WARN_NON_LITERAL_NULL_CONVERSION = YES;
				CLANG_WARN_OBJC_IMPLICIT_RETAIN_SELF = YES;
				CLANG_WARN_OBJC_LITERAL_CONVERSION = YES;
				CLANG_WARN_OBJC_ROOT_CLASS = YES_ERROR;
				CLANG_WARN_QUOTED_INCLUDE_IN_FRAMEWORK_HEADER = YES;
				CLANG_WARN_RANGE_LOOP_ANALYSIS = YES;
				CLANG_WARN_STRICT_PROTOTYPES = YES;
				CLANG_WARN_SUSPICIOUS_MOVE = YES;
				CLANG_WARN_UNGUARDED_AVAILABILITY = YES_AGGRESSIVE;
				CLANG_WARN_UNREACHABLE_CODE = YES;
				CLANG_WARN__DUPLICATE_METHOD_MATCH = YES;
				COPY_PHASE_STRIP = NO;
				DEBUG_INFORMATION_FORMAT = dwarf;
				ENABLE_STRICT_OBJC_MSGSEND = YES;
				ENABLE_TESTABILITY = YES;
				ENABLE_USER_SCRIPT_SANDBOXING = YES;
				GCC_C_LANGUAGE_STANDARD = gnu17;
				GCC_DYNAMIC_NO_PIC = NO;
				GCC_NO_COMMON_BLOCKS = YES;
				GCC_OPTIMIZATION_LEVEL = 0;
				GCC_PREPROCESSOR_DEFINITIONS = (
					"DEBUG=1",
					"$(inherited)",
				);
				GCC_WARN_64_TO_32_BIT_CONVERSION = YES;
				GCC_WARN_ABOUT_RETURN_TYPE = YES_ERROR;
				GCC_WARN_UNDECLARED_SELECTOR = YES;
				GCC_WARN_UNINITIALIZED_AUTOS = YES_AGGRESSIVE;
				GCC_WARN_UNUSED_FUNCTION = YES;
				GCC_WARN_UNUSED_VARIABLE = YES;
				IPHONEOS_DEPLOYMENT_TARGET = 17.5;
				LOCALIZATION_PREFERS_STRING_CATALOGS = YES;
				MTL_ENABLE_DEBUG_INFO = INCLUDE_SOURCE;
				MTL_FAST_MATH = YES;
				ONLY_ACTIVE_ARCH = YES;
				SDKROOT = iphoneos;
				SWIFT_ACTIVE_COMPILATION_CONDITIONS = "DEBUG $(inherited)";
				SWIFT_OPTIMIZATION_LEVEL = "-Onone";
			};
			name = Debug;
		};
		FCE9BC632CABE660005CA396 /* Release */ = {
			isa = XCBuildConfiguration;
			buildSettings = {
				ALWAYS_SEARCH_USER_PATHS = NO;
				ASSETCATALOG_COMPILER_GENERATE_SWIFT_ASSET_SYMBOL_EXTENSIONS = YES;
				CLANG_ANALYZER_NONNULL = YES;
				CLANG_ANALYZER_NUMBER_OBJECT_CONVERSION = YES_AGGRESSIVE;
				CLANG_CXX_LANGUAGE_STANDARD = "gnu++20";
				CLANG_ENABLE_MODULES = YES;
				CLANG_ENABLE_OBJC_ARC = YES;
				CLANG_ENABLE_OBJC_WEAK = YES;
				CLANG_WARN_BLOCK_CAPTURE_AUTORELEASING = YES;
				CLANG_WARN_BOOL_CONVERSION = YES;
				CLANG_WARN_COMMA = YES;
				CLANG_WARN_CONSTANT_CONVERSION = YES;
				CLANG_WARN_DEPRECATED_OBJC_IMPLEMENTATIONS = YES;
				CLANG_WARN_DIRECT_OBJC_ISA_USAGE = YES_ERROR;
				CLANG_WARN_DOCUMENTATION_COMMENTS = YES;
				CLANG_WARN_EMPTY_BODY = YES;
				CLANG_WARN_ENUM_CONVERSION = YES;
				CLANG_WARN_INFINITE_RECURSION = YES;
				CLANG_WARN_INT_CONVERSION = YES;
				CLANG_WARN_NON_LITERAL_NULL_CONVERSION = YES;
				CLANG_WARN_OBJC_IMPLICIT_RETAIN_SELF = YES;
				CLANG_WARN_OBJC_LITERAL_CONVERSION = YES;
				CLANG_WARN_OBJC_ROOT_CLASS = YES_ERROR;
				CLANG_WARN_QUOTED_INCLUDE_IN_FRAMEWORK_HEADER = YES;
				CLANG_WARN_RANGE_LOOP_ANALYSIS = YES;
				CLANG_WARN_STRICT_PROTOTYPES = YES;
				CLANG_WARN_SUSPICIOUS_MOVE = YES;
				CLANG_WARN_UNGUARDED_AVAILABILITY = YES_AGGRESSIVE;
				CLANG_WARN_UNREACHABLE_CODE = YES;
				CLANG_WARN__DUPLICATE_METHOD_MATCH = YES;
				COPY_PHASE_STRIP = NO;
				DEBUG_INFORMATION_FORMAT = "dwarf-with-dsym";
				ENABLE_NS_ASSERTIONS = NO;
				ENABLE_STRICT_OBJC_MSGSEND = YES;
				ENABLE_USER_SCRIPT_SANDBOXING = YES;
				GCC_C_LANGUAGE_STANDARD = gnu17;
				GCC_NO_COMMON_BLOCKS = YES;
				GCC_WARN_64_TO_32_BIT_CONVERSION = YES;
				GCC_WARN_ABOUT_RETURN_TYPE = YES_ERROR;
				GCC_WARN_UNDECLARED_SELECTOR = YES;
				GCC_WARN_UNINITIALIZED_AUTOS = YES_AGGRESSIVE;
				GCC_WARN_UNUSED_FUNCTION = YES;
				GCC_WARN_UNUSED_VARIABLE = YES;
				IPHONEOS_DEPLOYMENT_TARGET = 17.5;
				LOCALIZATION_PREFERS_STRING_CATALOGS = YES;
				MTL_ENABLE_DEBUG_INFO = NO;
				MTL_FAST_MATH = YES;
				SDKROOT = iphoneos;
				SWIFT_COMPILATION_MODE = wholemodule;
				VALIDATE_PRODUCT = YES;
			};
			name = Release;
		};
		FCE9BC652CABE660005CA396 /* Debug */ = {
			isa = XCBuildConfiguration;
			buildSettings = {
				ASSETCATALOG_COMPILER_APPICON_NAME = AppIcon;
				ASSETCATALOG_COMPILER_GLOBAL_ACCENT_COLOR_NAME = AccentColor;
				CODE_SIGN_STYLE = Automatic;
				CURRENT_PROJECT_VERSION = 1;
				DEVELOPMENT_ASSET_PATHS = "\"start_project/Preview Content\"";
				ENABLE_PREVIEWS = YES;
				GENERATE_INFOPLIST_FILE = YES;
				INFOPLIST_FILE = "start-project-Info.plist";
				INFOPLIST_KEY_UIApplicationSceneManifest_Generation = YES;
				INFOPLIST_KEY_UIApplicationSupportsIndirectInputEvents = YES;
				INFOPLIST_KEY_UILaunchScreen_Generation = YES;
				INFOPLIST_KEY_UISupportedInterfaceOrientations_iPad = "UIInterfaceOrientationPortrait UIInterfaceOrientationPortraitUpsideDown UIInterfaceOrientationLandscapeLeft UIInterfaceOrientationLandscapeRight";
				INFOPLIST_KEY_UISupportedInterfaceOrientations_iPhone = "UIInterfaceOrientationPortrait UIInterfaceOrientationLandscapeLeft UIInterfaceOrientationLandscapeRight";
				LD_RUNPATH_SEARCH_PATHS = (
					"$(inherited)",
					"@executable_path/Frameworks",
				);
				MARKETING_VERSION = 1.0;
				PRODUCT_BUNDLE_IDENTIFIER = "come.noora.start-project";
				PRODUCT_NAME = "$(TARGET_NAME)";
				SWIFT_EMIT_LOC_STRINGS = YES;
				SWIFT_VERSION = 5.0;
				TARGETED_DEVICE_FAMILY = "1,2";
			};
			name = Debug;
		};
		FCE9BC662CABE660005CA396 /* Release */ = {
			isa = XCBuildConfiguration;
			buildSettings = {
				ASSETCATALOG_COMPILER_APPICON_NAME = AppIcon;
				ASSETCATALOG_COMPILER_GLOBAL_ACCENT_COLOR_NAME = AccentColor;
				CODE_SIGN_STYLE = Automatic;
				CURRENT_PROJECT_VERSION = 1;
				DEVELOPMENT_ASSET_PATHS = "\"start_project/Preview Content\"";
				ENABLE_PREVIEWS = YES;
				GENERATE_INFOPLIST_FILE = YES;
				INFOPLIST_FILE = "start-project-Info.plist";
				INFOPLIST_KEY_UIApplicationSceneManifest_Generation = YES;
				INFOPLIST_KEY_UIApplicationSupportsIndirectInputEvents = YES;
				INFOPLIST_KEY_UILaunchScreen_Generation = YES;
				INFOPLIST_KEY_UISupportedInterfaceOrientations_iPad = "UIInterfaceOrientationPortrait UIInterfaceOrientationPortraitUpsideDown UIInterfaceOrientationLandscapeLeft UIInterfaceOrientationLandscapeRight";
				INFOPLIST_KEY_UISupportedInterfaceOrientations_iPhone = "UIInterfaceOrientationPortrait UIInterfaceOrientationLandscapeLeft UIInterfaceOrientationLandscapeRight";
				LD_RUNPATH_SEARCH_PATHS = (
					"$(inherited)",
					"@executable_path/Frameworks",
				);
				MARKETING_VERSION = 1.0;
				PRODUCT_BUNDLE_IDENTIFIER = "come.noora.start-project";
				PRODUCT_NAME = "$(TARGET_NAME)";
				SWIFT_EMIT_LOC_STRINGS = YES;
				SWIFT_VERSION = 5.0;
				TARGETED_DEVICE_FAMILY = "1,2";
			};
			name = Release;
		};
		FCE9BC682CABE660005CA396 /* Debug */ = {
			isa = XCBuildConfiguration;
			buildSettings = {
				ALWAYS_EMBED_SWIFT_STANDARD_LIBRARIES = YES;
				BUNDLE_LOADER = "$(TEST_HOST)";
				CODE_SIGN_STYLE = Automatic;
				CURRENT_PROJECT_VERSION = 1;
				GENERATE_INFOPLIST_FILE = YES;
				IPHONEOS_DEPLOYMENT_TARGET = 17.5;
				MARKETING_VERSION = 1.0;
				PRODUCT_BUNDLE_IDENTIFIER = "come.noora.start-projectTests";
				PRODUCT_NAME = "$(TARGET_NAME)";
				SWIFT_EMIT_LOC_STRINGS = NO;
				SWIFT_VERSION = 5.0;
				TARGETED_DEVICE_FAMILY = "1,2";
				TEST_HOST = "$(BUILT_PRODUCTS_DIR)/start_project.app/$(BUNDLE_EXECUTABLE_FOLDER_PATH)/start_project";
			};
			name = Debug;
		};
		FCE9BC692CABE660005CA396 /* Release */ = {
			isa = XCBuildConfiguration;
			buildSettings = {
				ALWAYS_EMBED_SWIFT_STANDARD_LIBRARIES = YES;
				BUNDLE_LOADER = "$(TEST_HOST)";
				CODE_SIGN_STYLE = Automatic;
				CURRENT_PROJECT_VERSION = 1;
				GENERATE_INFOPLIST_FILE = YES;
				IPHONEOS_DEPLOYMENT_TARGET = 17.5;
				MARKETING_VERSION = 1.0;
				PRODUCT_BUNDLE_IDENTIFIER = "come.noora.start-projectTests";
				PRODUCT_NAME = "$(TARGET_NAME)";
				SWIFT_EMIT_LOC_STRINGS = NO;
				SWIFT_VERSION = 5.0;
				TARGETED_DEVICE_FAMILY = "1,2";
				TEST_HOST = "$(BUILT_PRODUCTS_DIR)/start_project.app/$(BUNDLE_EXECUTABLE_FOLDER_PATH)/start_project";
			};
			name = Release;
		};
		FCE9BC6B2CABE660005CA396 /* Debug */ = {
			isa = XCBuildConfiguration;
			buildSettings = {
				ALWAYS_EMBED_SWIFT_STANDARD_LIBRARIES = YES;
				CODE_SIGN_STYLE = Automatic;
				CURRENT_PROJECT_VERSION = 1;
				GENERATE_INFOPLIST_FILE = YES;
				MARKETING_VERSION = 1.0;
				PRODUCT_BUNDLE_IDENTIFIER = "come.noora.start-projectUITests";
				PRODUCT_NAME = "$(TARGET_NAME)";
				SWIFT_EMIT_LOC_STRINGS = NO;
				SWIFT_VERSION = 5.0;
				TARGETED_DEVICE_FAMILY = "1,2";
				TEST_TARGET_NAME = start_project;
			};
			name = Debug;
		};
		FCE9BC6C2CABE660005CA396 /* Release */ = {
			isa = XCBuildConfiguration;
			buildSettings = {
				ALWAYS_EMBED_SWIFT_STANDARD_LIBRARIES = YES;
				CODE_SIGN_STYLE = Automatic;
				CURRENT_PROJECT_VERSION = 1;
				GENERATE_INFOPLIST_FILE = YES;
				MARKETING_VERSION = 1.0;
				PRODUCT_BUNDLE_IDENTIFIER = "come.noora.start-projectUITests";
				PRODUCT_NAME = "$(TARGET_NAME)";
				SWIFT_EMIT_LOC_STRINGS = NO;
				SWIFT_VERSION = 5.0;
				TARGETED_DEVICE_FAMILY = "1,2";
				TEST_TARGET_NAME = start_project;
			};
			name = Release;
		};
/* End XCBuildConfiguration section */

/* Begin XCConfigurationList section */
		FCE9BC3B2CABE65E005CA396 /* Build configuration list for PBXProject "start_project" */ = {
			isa = XCConfigurationList;
			buildConfigurations = (
				FCE9BC622CABE660005CA396 /* Debug */,
				FCE9BC632CABE660005CA396 /* Release */,
			);
			defaultConfigurationIsVisible = 0;
			defaultConfigurationName = Release;
		};
		FCE9BC642CABE660005CA396 /* Build configuration list for PBXNativeTarget "start_project" */ = {
			isa = XCConfigurationList;
			buildConfigurations = (
				FCE9BC652CABE660005CA396 /* Debug */,
				FCE9BC662CABE660005CA396 /* Release */,
			);
			defaultConfigurationIsVisible = 0;
			defaultConfigurationName = Release;
		};
		FCE9BC672CABE660005CA396 /* Build configuration list for PBXNativeTarget "start_projectTests" */ = {
			isa = XCConfigurationList;
			buildConfigurations = (
				FCE9BC682CABE660005CA396 /* Debug */,
				FCE9BC692CABE660005CA396 /* Release */,
			);
			defaultConfigurationIsVisible = 0;
			defaultConfigurationName = Release;
		};
		FCE9BC6A2CABE660005CA396 /* Build configuration list for PBXNativeTarget "start_projectUITests" */ = {
			isa = XCConfigurationList;
			buildConfigurations = (
				FCE9BC6B2CABE660005CA396 /* Debug */,
				FCE9BC6C2CABE660005CA396 /* Release */,
			);
			defaultConfigurationIsVisible = 0;
			defaultConfigurationName = Release;
		};
/* End XCConfigurationList section */
	};
	rootObject = FCE9BC382CABE65E005CA396 /* Project object */;
}
